
Microsoft Visual Studio Solution File, Format Version 12.00
# Visual Studio Version 17
VisualStudioVersion = 17.3.32901.215
MinimumVisualStudioVersion = 10.0.40219.1
Project("{FAE04EC0-301F-11D3-BF4B-00C04F79EFBC}") = "Case1 Sevgi Tut", "Case1 Sevgi Tut\Case1 Sevgi Tut.csproj", "{FB8F3F8D-4425-45FC-B5E7-7A460E6AE20A}"
EndProject
Global
	GlobalSection(SolutionConfigurationPlatforms) = preSolution
		Debug|Any CPU = Debug|Any CPU
		Release|Any CPU = Release|Any CPU
	EndGlobalSection
	GlobalSection(ProjectConfigurationPlatforms) = postSolution
		{FB8F3F8D-4425-45FC-B5E7-7A460E6AE20A}.Debug|Any CPU.ActiveCfg = Debug|Any CPU
		{FB8F3F8D-4425-45FC-B5E7-7A460E6AE20A}.Debug|Any CPU.Build.0 = Debug|Any CPU
		{FB8F3F8D-4425-45FC-B5E7-7A460E6AE20A}.Release|Any CPU.ActiveCfg = Release|Any CPU
		{FB8F3F8D-4425-45FC-B5E7-7A460E6AE20A}.Release|Any CPU.Build.0 = Release|Any CPU
	EndGlobalSection
	GlobalSection(SolutionProperties) = preSolution
		HideSolutionNode = FALSE
	EndGlobalSection
	GlobalSection(ExtensibilityGlobals) = postSolution
		SolutionGuid = {042F1E3E-D5FB-4EF7-9460-B6C947758D1D}
	EndGlobalSection
EndGlobal
